
Microsoft Visual Studio Solution File, Format Version 12.00
# Visual Studio Version 16
VisualStudioVersion = 16.0.29519.181
MinimumVisualStudioVersion = 10.0.40219.1
Project("{9A19103F-16F7-4668-BE54-9A1E7A4F7556}") = "ConvertApi", "ConvertApi\ConvertApi.csproj", "{4DCAEC93-8D7C-40C1-84DB-2F53BE746A32}"
EndProject
Project("{2150E333-8FDC-42A3-9474-1A3956D46DE8}") = "Examples", "Examples", "{139F9822-4A90-475F-BAA5-F0471A85461B}"
EndProject
Project("{2150E333-8FDC-42A3-9474-1A3956D46DE8}") = "TestFiles", "TestFiles", "{4DDE1C9A-C9F9-46D7-BFC6-5B29B031F6E1}"
	ProjectSection(SolutionItems) = preProject
		Examples\TestFiles\test.docx = Examples\TestFiles\test.docx
		Examples\TestFiles\test.pdf = Examples\TestFiles\test.pdf
		Examples\TestFiles\test.pptx = Examples\TestFiles\test.pptx
		Examples\TestFiles\pdf-overlay.pdf = Examples\TestFiles\pdf-overlay.pdf
	EndProjectSection
EndProject
Project("{FAE04EC0-301F-11D3-BF4B-00C04F79EFBC}") = "CreatePdfThumbnail", "Examples\CreatePdfThumbnail\CreatePdfThumbnail.csproj", "{126AA52A-5527-4366-8935-451F81D1FDFD}"
EndProject
Project("{FAE04EC0-301F-11D3-BF4B-00C04F79EFBC}") = "ConvertWordToPdfAndPng", "Examples\ConvertWordToPdfAndPng\ConvertWordToPdfAndPng.csproj", "{739A3D5E-C1F0-4A3D-A9C2-D104061B22C1}"
EndProject
Project("{FAE04EC0-301F-11D3-BF4B-00C04F79EFBC}") = "RetrieveUserInformation", "Examples\RetrieveUserInformation\RetrieveUserInformation.csproj", "{18442749-E70F-400D-909D-A8A0E20A1A64}"
EndProject
Project("{FAE04EC0-301F-11D3-BF4B-00C04F79EFBC}") = "ConvertUrlToPdf", "Examples\ConvertUrlToPdf\ConvertUrlToPdf.csproj", "{F415FA3B-2720-493D-9872-437F09EA6700}"
EndProject
Project("{FAE04EC0-301F-11D3-BF4B-00C04F79EFBC}") = "ConversionsChaining", "Examples\ConversionsChaining\ConversionsChaining.csproj", "{77050432-7EF2-431C-90E7-8EE01DF9BC20}"
EndProject
Project("{FAE04EC0-301F-11D3-BF4B-00C04F79EFBC}") = "ConvertRemoteFile", "Examples\ConvertRemoteFile\ConvertRemoteFile.csproj", "{E6F16DC2-35B7-4F52-B66A-029F1D69A8D7}"
EndProject
Project("{FAE04EC0-301F-11D3-BF4B-00C04F79EFBC}") = "FromStreamToStream", "Examples\FromStreamToStream\FromStreamToStream.csproj", "{A9B0D497-779E-49AA-BB68-ADC39F5FD978}"
EndProject
Project("{FAE04EC0-301F-11D3-BF4B-00C04F79EFBC}") = "SplitAndMergePdf", "Examples\SplitAndMergePdf\SplitAndMergePdf.csproj", "{6C29C8F5-13B4-44C8-9196-3D6E0E7B8515}"
EndProject
Project("{FAE04EC0-301F-11D3-BF4B-00C04F79EFBC}") = "Simple", "Examples\Simple\Simple.csproj", "{A0CE5CAC-E612-4A06-A085-F8338237EAD7}"
EndProject
Project("{FAE04EC0-301F-11D3-BF4B-00C04F79EFBC}") = "MergeWordDocsToPdf", "Examples\MergeWordDocsToPdf\MergeWordDocsToPdf.csproj", "{1EE46CAF-CC56-4158-B6C5-9363AF118DC1}"
EndProject
Project("{FAE04EC0-301F-11D3-BF4B-00C04F79EFBC}") = "WatermarkPdf", "Examples\WatermarkPdf\WatermarkPdf.csproj", "{98E8D2A2-F4F2-40A6-92FD-F2DACE8A037B}"
EndProject
Project("{FAE04EC0-301F-11D3-BF4B-00C04F79EFBC}") = "LimitPdfSize", "Examples\LimitPdfSize\LimitPdfSize.csproj", "{5F404CE7-D4F7-4245-B315-08B68F308CDE}"
EndProject
Project("{FAE04EC0-301F-11D3-BF4B-00C04F79EFBC}") = "AlternativeConverter", "Examples\AlternativeConverter\AlternativeConverter.csproj", "{9AFE1AB4-3397-463A-8485-EE3AB395833C}"
EndProject
Global
	GlobalSection(SolutionConfigurationPlatforms) = preSolution
		Debug|Any CPU = Debug|Any CPU
		Release|Any CPU = Release|Any CPU
	EndGlobalSection
	GlobalSection(ProjectConfigurationPlatforms) = postSolution
		{4DCAEC93-8D7C-40C1-84DB-2F53BE746A32}.Debug|Any CPU.ActiveCfg = Debug|Any CPU
		{4DCAEC93-8D7C-40C1-84DB-2F53BE746A32}.Debug|Any CPU.Build.0 = Debug|Any CPU
		{4DCAEC93-8D7C-40C1-84DB-2F53BE746A32}.Release|Any CPU.ActiveCfg = Release|Any CPU
		{4DCAEC93-8D7C-40C1-84DB-2F53BE746A32}.Release|Any CPU.Build.0 = Release|Any CPU
		{126AA52A-5527-4366-8935-451F81D1FDFD}.Debug|Any CPU.ActiveCfg = Debug|Any CPU
		{126AA52A-5527-4366-8935-451F81D1FDFD}.Debug|Any CPU.Build.0 = Debug|Any CPU
		{126AA52A-5527-4366-8935-451F81D1FDFD}.Release|Any CPU.ActiveCfg = Release|Any CPU
		{126AA52A-5527-4366-8935-451F81D1FDFD}.Release|Any CPU.Build.0 = Release|Any CPU
		{739A3D5E-C1F0-4A3D-A9C2-D104061B22C1}.Debug|Any CPU.ActiveCfg = Debug|Any CPU
		{739A3D5E-C1F0-4A3D-A9C2-D104061B22C1}.Debug|Any CPU.Build.0 = Debug|Any CPU
		{739A3D5E-C1F0-4A3D-A9C2-D104061B22C1}.Release|Any CPU.ActiveCfg = Release|Any CPU
		{739A3D5E-C1F0-4A3D-A9C2-D104061B22C1}.Release|Any CPU.Build.0 = Release|Any CPU
		{18442749-E70F-400D-909D-A8A0E20A1A64}.Debug|Any CPU.ActiveCfg = Debug|Any CPU
		{18442749-E70F-400D-909D-A8A0E20A1A64}.Debug|Any CPU.Build.0 = Debug|Any CPU
		{18442749-E70F-400D-909D-A8A0E20A1A64}.Release|Any CPU.ActiveCfg = Release|Any CPU
		{18442749-E70F-400D-909D-A8A0E20A1A64}.Release|Any CPU.Build.0 = Release|Any CPU
		{F415FA3B-2720-493D-9872-437F09EA6700}.Debug|Any CPU.ActiveCfg = Debug|Any CPU
		{F415FA3B-2720-493D-9872-437F09EA6700}.Debug|Any CPU.Build.0 = Debug|Any CPU
		{F415FA3B-2720-493D-9872-437F09EA6700}.Release|Any CPU.ActiveCfg = Release|Any CPU
		{F415FA3B-2720-493D-9872-437F09EA6700}.Release|Any CPU.Build.0 = Release|Any CPU
		{77050432-7EF2-431C-90E7-8EE01DF9BC20}.Debug|Any CPU.ActiveCfg = Debug|Any CPU
		{77050432-7EF2-431C-90E7-8EE01DF9BC20}.Debug|Any CPU.Build.0 = Debug|Any CPU
		{77050432-7EF2-431C-90E7-8EE01DF9BC20}.Release|Any CPU.ActiveCfg = Release|Any CPU
		{77050432-7EF2-431C-90E7-8EE01DF9BC20}.Release|Any CPU.Build.0 = Release|Any CPU
		{E6F16DC2-35B7-4F52-B66A-029F1D69A8D7}.Debug|Any CPU.ActiveCfg = Debug|Any CPU
		{E6F16DC2-35B7-4F52-B66A-029F1D69A8D7}.Debug|Any CPU.Build.0 = Debug|Any CPU
		{E6F16DC2-35B7-4F52-B66A-029F1D69A8D7}.Release|Any CPU.ActiveCfg = Release|Any CPU
		{E6F16DC2-35B7-4F52-B66A-029F1D69A8D7}.Release|Any CPU.Build.0 = Release|Any CPU
		{A9B0D497-779E-49AA-BB68-ADC39F5FD978}.Debug|Any CPU.ActiveCfg = Debug|Any CPU
		{A9B0D497-779E-49AA-BB68-ADC39F5FD978}.Debug|Any CPU.Build.0 = Debug|Any CPU
		{A9B0D497-779E-49AA-BB68-ADC39F5FD978}.Release|Any CPU.ActiveCfg = Release|Any CPU
		{A9B0D497-779E-49AA-BB68-ADC39F5FD978}.Release|Any CPU.Build.0 = Release|Any CPU
		{6C29C8F5-13B4-44C8-9196-3D6E0E7B8515}.Debug|Any CPU.ActiveCfg = Debug|Any CPU
		{6C29C8F5-13B4-44C8-9196-3D6E0E7B8515}.Debug|Any CPU.Build.0 = Debug|Any CPU
		{6C29C8F5-13B4-44C8-9196-3D6E0E7B8515}.Release|Any CPU.ActiveCfg = Release|Any CPU
		{6C29C8F5-13B4-44C8-9196-3D6E0E7B8515}.Release|Any CPU.Build.0 = Release|Any CPU
		{A0CE5CAC-E612-4A06-A085-F8338237EAD7}.Debug|Any CPU.ActiveCfg = Debug|Any CPU
		{A0CE5CAC-E612-4A06-A085-F8338237EAD7}.Debug|Any CPU.Build.0 = Debug|Any CPU
		{A0CE5CAC-E612-4A06-A085-F8338237EAD7}.Release|Any CPU.ActiveCfg = Release|Any CPU
		{A0CE5CAC-E612-4A06-A085-F8338237EAD7}.Release|Any CPU.Build.0 = Release|Any CPU
		{1EE46CAF-CC56-4158-B6C5-9363AF118DC1}.Debug|Any CPU.ActiveCfg = Debug|Any CPU
		{1EE46CAF-CC56-4158-B6C5-9363AF118DC1}.Debug|Any CPU.Build.0 = Debug|Any CPU
		{1EE46CAF-CC56-4158-B6C5-9363AF118DC1}.Release|Any CPU.ActiveCfg = Release|Any CPU
		{1EE46CAF-CC56-4158-B6C5-9363AF118DC1}.Release|Any CPU.Build.0 = Release|Any CPU
		{98E8D2A2-F4F2-40A6-92FD-F2DACE8A037B}.Debug|Any CPU.ActiveCfg = Debug|Any CPU
		{98E8D2A2-F4F2-40A6-92FD-F2DACE8A037B}.Debug|Any CPU.Build.0 = Debug|Any CPU
		{98E8D2A2-F4F2-40A6-92FD-F2DACE8A037B}.Release|Any CPU.ActiveCfg = Release|Any CPU
		{98E8D2A2-F4F2-40A6-92FD-F2DACE8A037B}.Release|Any CPU.Build.0 = Release|Any CPU
		{5F404CE7-D4F7-4245-B315-08B68F308CDE}.Debug|Any CPU.ActiveCfg = Debug|Any CPU
		{5F404CE7-D4F7-4245-B315-08B68F308CDE}.Debug|Any CPU.Build.0 = Debug|Any CPU
		{5F404CE7-D4F7-4245-B315-08B68F308CDE}.Release|Any CPU.ActiveCfg = Release|Any CPU
		{5F404CE7-D4F7-4245-B315-08B68F308CDE}.Release|Any CPU.Build.0 = Release|Any CPU
		{9AFE1AB4-3397-463A-8485-EE3AB395833C}.Debug|Any CPU.ActiveCfg = Debug|Any CPU
		{9AFE1AB4-3397-463A-8485-EE3AB395833C}.Debug|Any CPU.Build.0 = Debug|Any CPU
		{9AFE1AB4-3397-463A-8485-EE3AB395833C}.Release|Any CPU.ActiveCfg = Release|Any CPU
		{9AFE1AB4-3397-463A-8485-EE3AB395833C}.Release|Any CPU.Build.0 = Release|Any CPU
	EndGlobalSection
	GlobalSection(SolutionProperties) = preSolution
		HideSolutionNode = FALSE
	EndGlobalSection
	GlobalSection(NestedProjects) = preSolution
		{4DDE1C9A-C9F9-46D7-BFC6-5B29B031F6E1} = {139F9822-4A90-475F-BAA5-F0471A85461B}
		{126AA52A-5527-4366-8935-451F81D1FDFD} = {139F9822-4A90-475F-BAA5-F0471A85461B}
		{739A3D5E-C1F0-4A3D-A9C2-D104061B22C1} = {139F9822-4A90-475F-BAA5-F0471A85461B}
		{18442749-E70F-400D-909D-A8A0E20A1A64} = {139F9822-4A90-475F-BAA5-F0471A85461B}
		{F415FA3B-2720-493D-9872-437F09EA6700} = {139F9822-4A90-475F-BAA5-F0471A85461B}
		{77050432-7EF2-431C-90E7-8EE01DF9BC20} = {139F9822-4A90-475F-BAA5-F0471A85461B}
		{E6F16DC2-35B7-4F52-B66A-029F1D69A8D7} = {139F9822-4A90-475F-BAA5-F0471A85461B}
		{A9B0D497-779E-49AA-BB68-ADC39F5FD978} = {139F9822-4A90-475F-BAA5-F0471A85461B}
		{6C29C8F5-13B4-44C8-9196-3D6E0E7B8515} = {139F9822-4A90-475F-BAA5-F0471A85461B}
		{A0CE5CAC-E612-4A06-A085-F8338237EAD7} = {139F9822-4A90-475F-BAA5-F0471A85461B}
		{1EE46CAF-CC56-4158-B6C5-9363AF118DC1} = {139F9822-4A90-475F-BAA5-F0471A85461B}
		{98E8D2A2-F4F2-40A6-92FD-F2DACE8A037B} = {139F9822-4A90-475F-BAA5-F0471A85461B}
		{5F404CE7-D4F7-4245-B315-08B68F308CDE} = {139F9822-4A90-475F-BAA5-F0471A85461B}
		{9AFE1AB4-3397-463A-8485-EE3AB395833C} = {139F9822-4A90-475F-BAA5-F0471A85461B}
	EndGlobalSection
	GlobalSection(ExtensibilityGlobals) = postSolution
		SolutionGuid = {337A0F6F-40A9-4993-BF66-05E4E374871F}
	EndGlobalSection
EndGlobal
